
Microsoft Visual Studio Solution File, Format Version 12.00
Project("{FAE04EC0-301F-11D3-BF4B-00C04F79EFBC}") = "Giglist.Api", "Giglist.Api\Giglist.Api.csproj", "{6B555C3C-87E6-4513-B525-EB214FEEBE71}"
EndProject
Global
	GlobalSection(SolutionConfigurationPlatforms) = preSolution
		Debug|Any CPU = Debug|Any CPU
		Release|Any CPU = Release|Any CPU
	EndGlobalSection
	GlobalSection(ProjectConfigurationPlatforms) = postSolution
		{6B555C3C-87E6-4513-B525-EB214FEEBE71}.Debug|Any CPU.ActiveCfg = Debug|Any CPU
		{6B555C3C-87E6-4513-B525-EB214FEEBE71}.Debug|Any CPU.Build.0 = Debug|Any CPU
		{6B555C3C-87E6-4513-B525-EB214FEEBE71}.Release|Any CPU.ActiveCfg = Release|Any CPU
		{6B555C3C-87E6-4513-B525-EB214FEEBE71}.Release|Any CPU.Build.0 = Release|Any CPU
	EndGlobalSection
EndGlobal
